
Microsoft Visual Studio Solution File, Format Version 12.00
# Visual Studio Version 17
VisualStudioVersion = 17.10.35004.147
MinimumVisualStudioVersion = 10.0.40219.1
Project("{FAE04EC0-301F-11D3-BF4B-00C04F79EFBC}") = "Recipe Managment", "Recipe Managment\Recipe Managment.csproj", "{227A0A10-699E-4A8F-AB34-AA9D09AAF763}"
EndProject
Global
	GlobalSection(SolutionConfigurationPlatforms) = preSolution
		Debug|Any CPU = Debug|Any CPU
		Release|Any CPU = Release|Any CPU
	EndGlobalSection
	GlobalSection(ProjectConfigurationPlatforms) = postSolution
		{227A0A10-699E-4A8F-AB34-AA9D09AAF763}.Debug|Any CPU.ActiveCfg = Debug|Any CPU
		{227A0A10-699E-4A8F-AB34-AA9D09AAF763}.Debug|Any CPU.Build.0 = Debug|Any CPU
		{227A0A10-699E-4A8F-AB34-AA9D09AAF763}.Release|Any CPU.ActiveCfg = Release|Any CPU
		{227A0A10-699E-4A8F-AB34-AA9D09AAF763}.Release|Any CPU.Build.0 = Release|Any CPU
	EndGlobalSection
	GlobalSection(SolutionProperties) = preSolution
		HideSolutionNode = FALSE
	EndGlobalSection
	GlobalSection(ExtensibilityGlobals) = postSolution
		SolutionGuid = {9A1C5F58-3FC7-4F71-BA55-E406357B8DE4}
	EndGlobalSection
EndGlobal
